
Microsoft Visual Studio Solution File, Format Version 12.00
# Visual Studio Version 16
VisualStudioVersion = 16.0.30907.101
MinimumVisualStudioVersion = 10.0.40219.1
Project("{8BC9CEB8-8B4A-11D0-8D11-00A0C91BC942}") = "BrickBreaker", "BrickBreaker.vcxproj", "{AABEDDB7-08F4-4B2B-8D32-29AD4C5F56D6}"
EndProject
Global
	GlobalSection(SolutionConfigurationPlatforms) = preSolution
		Debug|x64 = Debug|x64
		Debug|x86 = Debug|x86
		Release|x64 = Release|x64
		Release|x86 = Release|x86
	EndGlobalSection
	GlobalSection(ProjectConfigurationPlatforms) = postSolution
		{AABEDDB7-08F4-4B2B-8D32-29AD4C5F56D6}.Debug|x64.ActiveCfg = Debug|x64
		{AABEDDB7-08F4-4B2B-8D32-29AD4C5F56D6}.Debug|x64.Build.0 = Debug|x64
		{AABEDDB7-08F4-4B2B-8D32-29AD4C5F56D6}.Debug|x86.ActiveCfg = Debug|Win32
		{AABEDDB7-08F4-4B2B-8D32-29AD4C5F56D6}.Debug|x86.Build.0 = Debug|Win32
		{AABEDDB7-08F4-4B2B-8D32-29AD4C5F56D6}.Release|x64.ActiveCfg = Release|x64
		{AABEDDB7-08F4-4B2B-8D32-29AD4C5F56D6}.Release|x64.Build.0 = Release|x64
		{AABEDDB7-08F4-4B2B-8D32-29AD4C5F56D6}.Release|x86.ActiveCfg = Release|Win32
		{AABEDDB7-08F4-4B2B-8D32-29AD4C5F56D6}.Release|x86.Build.0 = Release|Win32
	EndGlobalSection
	GlobalSection(SolutionProperties) = preSolution
		HideSolutionNode = FALSE
	EndGlobalSection
	GlobalSection(ExtensibilityGlobals) = postSolution
		SolutionGuid = {01E95558-83E1-4B40-A850-8F2AE89A018D}
	EndGlobalSection
EndGlobal
